// !$*UTF8*$!
{
	archiveVersion = 1;
	classes = {
	};
	objectVersion = 46;
	objects = {

/* Begin PBXBuildFile section */
		469C62760433F34121605A7F /* Pods_chatInFirebase.framework in Frameworks */ = {isa = PBXBuildFile; fileRef = A9965A7F4372D5FADABFC4ED /* Pods_chatInFirebase.framework */; };
		6604EE581EA128FF00E28DCE /* UserNewrequestCell.swift in Sources */ = {isa = PBXBuildFile; fileRef = 6604EE571EA128FF00E28DCE /* UserNewrequestCell.swift */; };
		6608BCF81EA4F2E400DBB87F /* UINavigationController++.swift in Sources */ = {isa = PBXBuildFile; fileRef = 6608BCF71EA4F2E400DBB87F /* UINavigationController++.swift */; };
		661D191E1EAFAF550004CB66 /* yadianwenqing.png in Resources */ = {isa = PBXBuildFile; fileRef = 661D191D1EAFAF550004CB66 /* yadianwenqing.png */; };
		661D19201EB03ADA0004CB66 /* BaseInputContainerView.swift in Sources */ = {isa = PBXBuildFile; fileRef = 661D191F1EB03ADA0004CB66 /* BaseInputContainerView.swift */; };
		661FAAA51EBAAB83008DD655 /* NamecardController.swift in Sources */ = {isa = PBXBuildFile; fileRef = 661FAAA41EBAAB83008DD655 /* NamecardController.swift */; };
		661FAAA71EBAB956008DD655 /* UITabBarController++.swift in Sources */ = {isa = PBXBuildFile; fileRef = 661FAAA61EBAB956008DD655 /* UITabBarController++.swift */; };
		662ABB8D1EB0F1E4002ACDC2 /* ChatLogMenuLuncher.swift in Sources */ = {isa = PBXBuildFile; fileRef = 662ABB8C1EB0F1E4002ACDC2 /* ChatLogMenuLuncher.swift */; };
		66321A561EB198F60069CA38 /* MenuCell.swift in Sources */ = {isa = PBXBuildFile; fileRef = 66321A551EB198F60069CA38 /* MenuCell.swift */; };
		663C18AC1E1816680014A359 /* NewMessageViewController.swift in Sources */ = {isa = PBXBuildFile; fileRef = 663C18AB1E1816680014A359 /* NewMessageViewController.swift */; };
		663C18AE1E195AA60014A359 /* User.swift in Sources */ = {isa = PBXBuildFile; fileRef = 663C18AD1E195AA60014A359 /* User.swift */; };
		663C18B01E1AAE5A0014A359 /* LoginViewController+Ex.swift in Sources */ = {isa = PBXBuildFile; fileRef = 663C18AF1E1AAE5A0014A359 /* LoginViewController+Ex.swift */; };
		663C18B21E1BEAF60014A359 /* UIImageView++.swift in Sources */ = {isa = PBXBuildFile; fileRef = 663C18B11E1BEAF60014A359 /* UIImageView++.swift */; };
		663C18B41E1C739A0014A359 /* ChatLogController.swift in Sources */ = {isa = PBXBuildFile; fileRef = 663C18B31E1C739A0014A359 /* ChatLogController.swift */; };
		664586BD1EBB713B00826F21 /* TopAlignedLabel.swift in Sources */ = {isa = PBXBuildFile; fileRef = 664586BC1EBB713B00826F21 /* TopAlignedLabel.swift */; };
		664630D21E1DD73C00E18F41 /* Message.swift in Sources */ = {isa = PBXBuildFile; fileRef = 664630D11E1DD73C00E18F41 /* Message.swift */; };
		6649CE1A1E1EBD5A006633CD /* UserCell.swift in Sources */ = {isa = PBXBuildFile; fileRef = 6649CE191E1EBD5A006633CD /* UserCell.swift */; };
		6652DDC01EB394A6008B4E43 /* GifsViewController.swift in Sources */ = {isa = PBXBuildFile; fileRef = 6652DDBF1EB394A6008B4E43 /* GifsViewController.swift */; };
		6652DDC21EB3DB97008B4E43 /* UIImage++.swift in Sources */ = {isa = PBXBuildFile; fileRef = 6652DDC11EB3DB97008B4E43 /* UIImage++.swift */; };
		66561D991EA90E7C00200ECD /* String++.swift in Sources */ = {isa = PBXBuildFile; fileRef = 66561D981EA90E7C00200ECD /* String++.swift */; };
		66561D9B1EA9356600200ECD /* ChatLogViewEmojis.swift in Sources */ = {isa = PBXBuildFile; fileRef = 66561D9A1EA9356600200ECD /* ChatLogViewEmojis.swift */; };
		66561D9D1EA9570C00200ECD /* FBSDKLoginKit.framework in Frameworks */ = {isa = PBXBuildFile; fileRef = 66561D9C1EA9570C00200ECD /* FBSDKLoginKit.framework */; };
		665BD4BB1EB8E170002CF1D8 /* ChatLogAddMenuLuncher.swift in Sources */ = {isa = PBXBuildFile; fileRef = 665BD4BA1EB8E170002CF1D8 /* ChatLogAddMenuLuncher.swift */; };
		665BD4BD1EB915FB002CF1D8 /* AddMenuCell.swift in Sources */ = {isa = PBXBuildFile; fileRef = 665BD4BC1EB915FB002CF1D8 /* AddMenuCell.swift */; };
		668A407A1EAAA7E90048B166 /* 01.png in Resources */ = {isa = PBXBuildFile; fileRef = 668A40761EAAA7E90048B166 /* 01.png */; };
		668A407B1EAAA7E90048B166 /* 02.png in Resources */ = {isa = PBXBuildFile; fileRef = 668A40771EAAA7E90048B166 /* 02.png */; };
		668A407C1EAAA7E90048B166 /* 03.png in Resources */ = {isa = PBXBuildFile; fileRef = 668A40781EAAA7E90048B166 /* 03.png */; };
		668A407D1EAAA7E90048B166 /* 04.png in Resources */ = {isa = PBXBuildFile; fileRef = 668A40791EAAA7E90048B166 /* 04.png */; };
		668A407F1EAAA8DC0048B166 /* README.md in Sources */ = {isa = PBXBuildFile; fileRef = 668A407E1EAAA8DC0048B166 /* README.md */; };
		668DC3BE1E2039CA005EC99B /* ChatMessageCell.swift in Sources */ = {isa = PBXBuildFile; fileRef = 668DC3BD1E2039CA005EC99B /* ChatMessageCell.swift */; };
		6690F5391E2E7F4800F1B6E0 /* ChatInputContainerView.swift in Sources */ = {isa = PBXBuildFile; fileRef = 6690F5381E2E7F4800F1B6E0 /* ChatInputContainerView.swift */; };
		6690F53E1E31154900F1B6E0 /* TabBarController.swift in Sources */ = {isa = PBXBuildFile; fileRef = 6690F53D1E31154900F1B6E0 /* TabBarController.swift */; };
		6690F5401E313E7200F1B6E0 /* SearchViewController.swift in Sources */ = {isa = PBXBuildFile; fileRef = 6690F53F1E313E7200F1B6E0 /* SearchViewController.swift */; };
		6690F5421E31496D00F1B6E0 /* SearchViewCell.swift in Sources */ = {isa = PBXBuildFile; fileRef = 6690F5411E31496D00F1B6E0 /* SearchViewCell.swift */; };
		669985D11E15A1CE00DCA278 /* AppDelegate.swift in Sources */ = {isa = PBXBuildFile; fileRef = 669985D01E15A1CE00DCA278 /* AppDelegate.swift */; };
		669985D31E15A1CE00DCA278 /* MessagesViewController.swift in Sources */ = {isa = PBXBuildFile; fileRef = 669985D21E15A1CE00DCA278 /* MessagesViewController.swift */; };
		669985D81E15A1CE00DCA278 /* Assets.xcassets in Resources */ = {isa = PBXBuildFile; fileRef = 669985D71E15A1CE00DCA278 /* Assets.xcassets */; };
		669985DB1E15A1CE00DCA278 /* LaunchScreen.storyboard in Resources */ = {isa = PBXBuildFile; fileRef = 669985D91E15A1CE00DCA278 /* LaunchScreen.storyboard */; };
		669985E41E15A46700DCA278 /* LoginViewController.swift in Sources */ = {isa = PBXBuildFile; fileRef = 669985E31E15A46700DCA278 /* LoginViewController.swift */; };
		66CCFBB21E63656500F46ACC /* GoogleService-Info.plist in Resources */ = {isa = PBXBuildFile; fileRef = 66CCFBB11E63656500F46ACC /* GoogleService-Info.plist */; };
		66E5F8091E97465C0070ADEB /* Date++.swift in Sources */ = {isa = PBXBuildFile; fileRef = 66E5F8081E97465C0070ADEB /* Date++.swift */; };
		66F5C2F41E97D4A900AA568C /* ProfileViewController.swift in Sources */ = {isa = PBXBuildFile; fileRef = 66F5C2F31E97D4A900AA568C /* ProfileViewController.swift */; };
		66F5C2F61E97D50300AA568C /* UIView++.swift in Sources */ = {isa = PBXBuildFile; fileRef = 66F5C2F51E97D50300AA568C /* UIView++.swift */; };
/* End PBXBuildFile section */

/* Begin PBXFileReference section */
		6604EE571EA128FF00E28DCE /* UserNewrequestCell.swift */ = {isa = PBXFileReference; fileEncoding = 4; lastKnownFileType = sourcecode.swift; path = UserNewrequestCell.swift; sourceTree = "<group>"; };
		6608BCF71EA4F2E400DBB87F /* UINavigationController++.swift */ = {isa = PBXFileReference; fileEncoding = 4; lastKnownFileType = sourcecode.swift; path = "UINavigationController++.swift"; sourceTree = "<group>"; };
		661D191D1EAFAF550004CB66 /* yadianwenqing.png */ = {isa = PBXFileReference; lastKnownFileType = image.png; path = yadianwenqing.png; sourceTree = "<group>"; };
		661D191F1EB03ADA0004CB66 /* BaseInputContainerView.swift */ = {isa = PBXFileReference; fileEncoding = 4; lastKnownFileType = sourcecode.swift; path = BaseInputContainerView.swift; sourceTree = "<group>"; };
		661FAAA41EBAAB83008DD655 /* NamecardController.swift */ = {isa = PBXFileReference; fileEncoding = 4; lastKnownFileType = sourcecode.swift; path = NamecardController.swift; sourceTree = "<group>"; };
		661FAAA61EBAB956008DD655 /* UITabBarController++.swift */ = {isa = PBXFileReference; fileEncoding = 4; lastKnownFileType = sourcecode.swift; path = "UITabBarController++.swift"; sourceTree = "<group>"; };
		662ABB8C1EB0F1E4002ACDC2 /* ChatLogMenuLuncher.swift */ = {isa = PBXFileReference; fileEncoding = 4; lastKnownFileType = sourcecode.swift; path = ChatLogMenuLuncher.swift; sourceTree = "<group>"; };
		66321A551EB198F60069CA38 /* MenuCell.swift */ = {isa = PBXFileReference; fileEncoding = 4; lastKnownFileType = sourcecode.swift; path = MenuCell.swift; sourceTree = "<group>"; };
		663C18AB1E1816680014A359 /* NewMessageViewController.swift */ = {isa = PBXFileReference; fileEncoding = 4; lastKnownFileType = sourcecode.swift; path = NewMessageViewController.swift; sourceTree = "<group>"; };
		663C18AD1E195AA60014A359 /* User.swift */ = {isa = PBXFileReference; fileEncoding = 4; lastKnownFileType = sourcecode.swift; path = User.swift; sourceTree = "<group>"; };
		663C18AF1E1AAE5A0014A359 /* LoginViewController+Ex.swift */ = {isa = PBXFileReference; fileEncoding = 4; lastKnownFileType = sourcecode.swift; path = "LoginViewController+Ex.swift"; sourceTree = "<group>"; };
		663C18B11E1BEAF60014A359 /* UIImageView++.swift */ = {isa = PBXFileReference; fileEncoding = 4; lastKnownFileType = sourcecode.swift; path = "UIImageView++.swift"; sourceTree = "<group>"; };
		663C18B31E1C739A0014A359 /* ChatLogController.swift */ = {isa = PBXFileReference; fileEncoding = 4; lastKnownFileType = sourcecode.swift; path = ChatLogController.swift; sourceTree = "<group>"; };
		664586BC1EBB713B00826F21 /* TopAlignedLabel.swift */ = {isa = PBXFileReference; fileEncoding = 4; lastKnownFileType = sourcecode.swift; path = TopAlignedLabel.swift; sourceTree = "<group>"; };
		664630D11E1DD73C00E18F41 /* Message.swift */ = {isa = PBXFileReference; fileEncoding = 4; lastKnownFileType = sourcecode.swift; path = Message.swift; sourceTree = "<group>"; };
		6649CE191E1EBD5A006633CD /* UserCell.swift */ = {isa = PBXFileReference; fileEncoding = 4; lastKnownFileType = sourcecode.swift; path = UserCell.swift; sourceTree = "<group>"; };
		6652DDBF1EB394A6008B4E43 /* GifsViewController.swift */ = {isa = PBXFileReference; fileEncoding = 4; lastKnownFileType = sourcecode.swift; path = GifsViewController.swift; sourceTree = "<group>"; };
		6652DDC11EB3DB97008B4E43 /* UIImage++.swift */ = {isa = PBXFileReference; fileEncoding = 4; lastKnownFileType = sourcecode.swift; path = "UIImage++.swift"; sourceTree = "<group>"; };
		66561D981EA90E7C00200ECD /* String++.swift */ = {isa = PBXFileReference; fileEncoding = 4; lastKnownFileType = sourcecode.swift; path = "String++.swift"; sourceTree = "<group>"; };
		66561D9A1EA9356600200ECD /* ChatLogViewEmojis.swift */ = {isa = PBXFileReference; fileEncoding = 4; lastKnownFileType = sourcecode.swift; path = ChatLogViewEmojis.swift; sourceTree = "<group>"; };
		66561D9C1EA9570C00200ECD /* FBSDKLoginKit.framework */ = {isa = PBXFileReference; lastKnownFileType = wrapper.framework; path = FBSDKLoginKit.framework; sourceTree = "<group>"; };
		665BD4BA1EB8E170002CF1D8 /* ChatLogAddMenuLuncher.swift */ = {isa = PBXFileReference; fileEncoding = 4; lastKnownFileType = sourcecode.swift; path = ChatLogAddMenuLuncher.swift; sourceTree = "<group>"; };
		665BD4BC1EB915FB002CF1D8 /* AddMenuCell.swift */ = {isa = PBXFileReference; fileEncoding = 4; lastKnownFileType = sourcecode.swift; path = AddMenuCell.swift; sourceTree = "<group>"; };
		668A40761EAAA7E90048B166 /* 01.png */ = {isa = PBXFileReference; lastKnownFileType = image.png; path = 01.png; sourceTree = "<group>"; };
		668A40771EAAA7E90048B166 /* 02.png */ = {isa = PBXFileReference; lastKnownFileType = image.png; path = 02.png; sourceTree = "<group>"; };
		668A40781EAAA7E90048B166 /* 03.png */ = {isa = PBXFileReference; lastKnownFileType = image.png; path = 03.png; sourceTree = "<group>"; };
		668A40791EAAA7E90048B166 /* 04.png */ = {isa = PBXFileReference; lastKnownFileType = image.png; path = 04.png; sourceTree = "<group>"; };
		668A407E1EAAA8DC0048B166 /* README.md */ = {isa = PBXFileReference; fileEncoding = 4; lastKnownFileType = net.daringfireball.markdown; path = README.md; sourceTree = SOURCE_ROOT; };
		668DC3BD1E2039CA005EC99B /* ChatMessageCell.swift */ = {isa = PBXFileReference; fileEncoding = 4; lastKnownFileType = sourcecode.swift; path = ChatMessageCell.swift; sourceTree = "<group>"; };
		6690F5381E2E7F4800F1B6E0 /* ChatInputContainerView.swift */ = {isa = PBXFileReference; fileEncoding = 4; lastKnownFileType = sourcecode.swift; path = ChatInputContainerView.swift; sourceTree = "<group>"; };
		6690F53A1E2EA09500F1B6E0 /* chatInFirebase.entitlements */ = {isa = PBXFileReference; lastKnownFileType = text.plist.entitlements; path = chatInFirebase.entitlements; sourceTree = "<group>"; };
		6690F53D1E31154900F1B6E0 /* TabBarController.swift */ = {isa = PBXFileReference; fileEncoding = 4; lastKnownFileType = sourcecode.swift; path = TabBarController.swift; sourceTree = "<group>"; };
		6690F53F1E313E7200F1B6E0 /* SearchViewController.swift */ = {isa = PBXFileReference; fileEncoding = 4; lastKnownFileType = sourcecode.swift; path = SearchViewController.swift; sourceTree = "<group>"; };
		6690F5411E31496D00F1B6E0 /* SearchViewCell.swift */ = {isa = PBXFileReference; fileEncoding = 4; lastKnownFileType = sourcecode.swift; path = SearchViewCell.swift; sourceTree = "<group>"; };
		669985CD1E15A1CE00DCA278 /* chatInFirebase.app */ = {isa = PBXFileReference; explicitFileType = wrapper.application; includeInIndex = 0; path = chatInFirebase.app; sourceTree = BUILT_PRODUCTS_DIR; };
		669985D01E15A1CE00DCA278 /* AppDelegate.swift */ = {isa = PBXFileReference; lastKnownFileType = sourcecode.swift; path = AppDelegate.swift; sourceTree = "<group>"; };
		669985D21E15A1CE00DCA278 /* MessagesViewController.swift */ = {isa = PBXFileReference; lastKnownFileType = sourcecode.swift; path = MessagesViewController.swift; sourceTree = "<group>"; };
		669985D71E15A1CE00DCA278 /* Assets.xcassets */ = {isa = PBXFileReference; lastKnownFileType = folder.assetcatalog; path = Assets.xcassets; sourceTree = "<group>"; };
		669985DA1E15A1CE00DCA278 /* Base */ = {isa = PBXFileReference; lastKnownFileType = file.storyboard; name = Base; path = Base.lproj/LaunchScreen.storyboard; sourceTree = "<group>"; };
		669985DC1E15A1CE00DCA278 /* Info.plist */ = {isa = PBXFileReference; lastKnownFileType = text.plist.xml; path = Info.plist; sourceTree = "<group>"; };
		669985E31E15A46700DCA278 /* LoginViewController.swift */ = {isa = PBXFileReference; fileEncoding = 4; lastKnownFileType = sourcecode.swift; path = LoginViewController.swift; sourceTree = "<group>"; };
		66CCFBB11E63656500F46ACC /* GoogleService-Info.plist */ = {isa = PBXFileReference; fileEncoding = 4; lastKnownFileType = text.plist.xml; path = "GoogleService-Info.plist"; sourceTree = SOURCE_ROOT; };
		66E5F8081E97465C0070ADEB /* Date++.swift */ = {isa = PBXFileReference; fileEncoding = 4; lastKnownFileType = sourcecode.swift; path = "Date++.swift"; sourceTree = "<group>"; };
		66F5C2F31E97D4A900AA568C /* ProfileViewController.swift */ = {isa = PBXFileReference; fileEncoding = 4; lastKnownFileType = sourcecode.swift; path = ProfileViewController.swift; sourceTree = "<group>"; };
		66F5C2F51E97D50300AA568C /* UIView++.swift */ = {isa = PBXFileReference; fileEncoding = 4; lastKnownFileType = sourcecode.swift; path = "UIView++.swift"; sourceTree = "<group>"; };
		A908868F49AAAEE52A3DF922 /* Pods-chatInFirebase.debug.xcconfig */ = {isa = PBXFileReference; includeInIndex = 1; lastKnownFileType = text.xcconfig; name = "Pods-chatInFirebase.debug.xcconfig"; path = "Pods/Target Support Files/Pods-chatInFirebase/Pods-chatInFirebase.debug.xcconfig"; sourceTree = "<group>"; };
		A9965A7F4372D5FADABFC4ED /* Pods_chatInFirebase.framework */ = {isa = PBXFileReference; explicitFileType = wrapper.framework; includeInIndex = 0; path = Pods_chatInFirebase.framework; sourceTree = BUILT_PRODUCTS_DIR; };
		D5C1BBF7503C766AED580A2A /* Pods-chatInFirebase.release.xcconfig */ = {isa = PBXFileReference; includeInIndex = 1; lastKnownFileType = text.xcconfig; name = "Pods-chatInFirebase.release.xcconfig"; path = "Pods/Target Support Files/Pods-chatInFirebase/Pods-chatInFirebase.release.xcconfig"; sourceTree = "<group>"; };
/* End PBXFileReference section */

/* Begin PBXFrameworksBuildPhase section */
		669985CA1E15A1CE00DCA278 /* Frameworks */ = {
			isa = PBXFrameworksBuildPhase;
			buildActionMask = 2147483647;
			files = (
				66561D9D1EA9570C00200ECD /* FBSDKLoginKit.framework in Frameworks */,
				469C62760433F34121605A7F /* Pods_chatInFirebase.framework in Frameworks */,
			);
			runOnlyForDeploymentPostprocessing = 0;
		};
/* End PBXFrameworksBuildPhase section */

/* Begin PBXGroup section */
		3B7022276C3421E85CFAFBD7 /* Frameworks */ = {
			isa = PBXGroup;
			children = (
				66561D9C1EA9570C00200ECD /* FBSDKLoginKit.framework */,
				A9965A7F4372D5FADABFC4ED /* Pods_chatInFirebase.framework */,
			);
			name = Frameworks;
			sourceTree = "<group>";
		};
		5D3FF57E74906753E55E43B7 /* Pods */ = {
			isa = PBXGroup;
			children = (
				A908868F49AAAEE52A3DF922 /* Pods-chatInFirebase.debug.xcconfig */,
				D5C1BBF7503C766AED580A2A /* Pods-chatInFirebase.release.xcconfig */,
			);
			name = Pods;
			sourceTree = "<group>";
		};
		6615E2B31E994763001C206F /* View */ = {
			isa = PBXGroup;
			children = (
				669985E31E15A46700DCA278 /* LoginViewController.swift */,
				6649CE191E1EBD5A006633CD /* UserCell.swift */,
				6604EE571EA128FF00E28DCE /* UserNewrequestCell.swift */,
				661D191F1EB03ADA0004CB66 /* BaseInputContainerView.swift */,
				6690F5381E2E7F4800F1B6E0 /* ChatInputContainerView.swift */,
				668DC3BD1E2039CA005EC99B /* ChatMessageCell.swift */,
				66561D9A1EA9356600200ECD /* ChatLogViewEmojis.swift */,
				665BD4BC1EB915FB002CF1D8 /* AddMenuCell.swift */,
				66321A551EB198F60069CA38 /* MenuCell.swift */,
				6690F5411E31496D00F1B6E0 /* SearchViewCell.swift */,
			);
			name = View;
			sourceTree = "<group>";
		};
		664630D31E1DD8A700E18F41 /* Model */ = {
			isa = PBXGroup;
			children = (
				663C18AD1E195AA60014A359 /* User.swift */,
				664630D11E1DD73C00E18F41 /* Message.swift */,
			);
			name = Model;
			sourceTree = "<group>";
		};
		668A40751EAAA4590048B166 /* Images */ = {
			isa = PBXGroup;
			children = (
				668A40761EAAA7E90048B166 /* 01.png */,
				668A40771EAAA7E90048B166 /* 02.png */,
				668A40781EAAA7E90048B166 /* 03.png */,
				668A40791EAAA7E90048B166 /* 04.png */,
				661D191D1EAFAF550004CB66 /* yadianwenqing.png */,
			);
			name = Images;
			sourceTree = "<group>";
		};
		669985C41E15A1CE00DCA278 = {
			isa = PBXGroup;
			children = (
				669985CF1E15A1CE00DCA278 /* chatInFirebase */,
				669985CE1E15A1CE00DCA278 /* Products */,
				5D3FF57E74906753E55E43B7 /* Pods */,
				3B7022276C3421E85CFAFBD7 /* Frameworks */,
			);
			sourceTree = "<group>";
		};
		669985CE1E15A1CE00DCA278 /* Products */ = {
			isa = PBXGroup;
			children = (
				669985CD1E15A1CE00DCA278 /* chatInFirebase.app */,
			);
			name = Products;
			sourceTree = "<group>";
		};
		669985CF1E15A1CE00DCA278 /* chatInFirebase */ = {
			isa = PBXGroup;
			children = (
				6690F53A1E2EA09500F1B6E0 /* chatInFirebase.entitlements */,
				669985D01E15A1CE00DCA278 /* AppDelegate.swift */,
				664630D31E1DD8A700E18F41 /* Model */,
				6615E2B31E994763001C206F /* View */,
				669985E21E15A44C00DCA278 /* Controller */,
				66E5F8051E96A8D70070ADEB /* Helpers */,
				669985D71E15A1CE00DCA278 /* Assets.xcassets */,
				668A40751EAAA4590048B166 /* Images */,
				669985D91E15A1CE00DCA278 /* LaunchScreen.storyboard */,
				669985DC1E15A1CE00DCA278 /* Info.plist */,
				66CCFBB11E63656500F46ACC /* GoogleService-Info.plist */,
				668A407E1EAAA8DC0048B166 /* README.md */,
			);
			path = chatInFirebase;
			sourceTree = "<group>";
		};
		669985E21E15A44C00DCA278 /* Controller */ = {
			isa = PBXGroup;
			children = (
				6690F53D1E31154900F1B6E0 /* TabBarController.swift */,
				663C18AF1E1AAE5A0014A359 /* LoginViewController+Ex.swift */,
				669985D21E15A1CE00DCA278 /* MessagesViewController.swift */,
				663C18AB1E1816680014A359 /* NewMessageViewController.swift */,
				663C18B31E1C739A0014A359 /* ChatLogController.swift */,
				665BD4BA1EB8E170002CF1D8 /* ChatLogAddMenuLuncher.swift */,
				662ABB8C1EB0F1E4002ACDC2 /* ChatLogMenuLuncher.swift */,
				6652DDBF1EB394A6008B4E43 /* GifsViewController.swift */,
				6690F53F1E313E7200F1B6E0 /* SearchViewController.swift */,
				66F5C2F31E97D4A900AA568C /* ProfileViewController.swift */,
				661FAAA41EBAAB83008DD655 /* NamecardController.swift */,
			);
			name = Controller;
			sourceTree = "<group>";
		};
		66E5F8051E96A8D70070ADEB /* Helpers */ = {
			isa = PBXGroup;
			children = (
				663C18B11E1BEAF60014A359 /* UIImageView++.swift */,
				6652DDC11EB3DB97008B4E43 /* UIImage++.swift */,
				66F5C2F51E97D50300AA568C /* UIView++.swift */,
				66E5F8081E97465C0070ADEB /* Date++.swift */,
				661FAAA61EBAB956008DD655 /* UITabBarController++.swift */,
				6608BCF71EA4F2E400DBB87F /* UINavigationController++.swift */,
				66561D981EA90E7C00200ECD /* String++.swift */,
				664586BC1EBB713B00826F21 /* TopAlignedLabel.swift */,
			);
			name = Helpers;
			sourceTree = "<group>";
		};
/* End PBXGroup section */

/* Begin PBXNativeTarget section */
		669985CC1E15A1CE00DCA278 /* chatInFirebase */ = {
			isa = PBXNativeTarget;
			buildConfigurationList = 669985DF1E15A1CE00DCA278 /* Build configuration list for PBXNativeTarget "chatInFirebase" */;
			buildPhases = (
				15A68BF6A035A99879F13273 /* [CP] Check Pods Manifest.lock */,
				669985C91E15A1CE00DCA278 /* Sources */,
				669985CA1E15A1CE00DCA278 /* Frameworks */,
				669985CB1E15A1CE00DCA278 /* Resources */,
				BC9A4F372183893FA1272265 /* [CP] Embed Pods Frameworks */,
				5C38CE1337BB807C08FAB32E /* [CP] Copy Pods Resources */,
			);
			buildRules = (
			);
			dependencies = (
			);
			name = chatInFirebase;
			productName = chatInFirebase;
			productReference = 669985CD1E15A1CE00DCA278 /* chatInFirebase.app */;
			productType = "com.apple.product-type.application";
		};
/* End PBXNativeTarget section */

/* Begin PBXProject section */
		669985C51E15A1CE00DCA278 /* Project object */ = {
			isa = PBXProject;
			attributes = {
				LastSwiftUpdateCheck = 0820;
				LastUpgradeCheck = 0820;
				ORGANIZATIONNAME = "Xin Zou";
				TargetAttributes = {
					669985CC1E15A1CE00DCA278 = {
						CreatedOnToolsVersion = 8.2;
						DevelopmentTeam = 4G3CY5ZV6E;
						ProvisioningStyle = Automatic;
						SystemCapabilities = {
							com.apple.BackgroundModes = {
								enabled = 1;
							};
							com.apple.Keychain = {
								enabled = 1;
							};
							com.apple.Push = {
								enabled = 1;
							};
						};
					};
				};
			};
			buildConfigurationList = 669985C81E15A1CE00DCA278 /* Build configuration list for PBXProject "chatInFirebase" */;
			compatibilityVersion = "Xcode 3.2";
			developmentRegion = English;
			hasScannedForEncodings = 0;
			knownRegions = (
				en,
				Base,
			);
			mainGroup = 669985C41E15A1CE00DCA278;
			productRefGroup = 669985CE1E15A1CE00DCA278 /* Products */;
			projectDirPath = "";
			projectRoot = "";
			targets = (
				669985CC1E15A1CE00DCA278 /* chatInFirebase */,
			);
		};
/* End PBXProject section */

/* Begin PBXResourcesBuildPhase section */
		669985CB1E15A1CE00DCA278 /* Resources */ = {
			isa = PBXResourcesBuildPhase;
			buildActionMask = 2147483647;
			files = (
				668A407B1EAAA7E90048B166 /* 02.png in Resources */,
				669985DB1E15A1CE00DCA278 /* LaunchScreen.storyboard in Resources */,
				66CCFBB21E63656500F46ACC /* GoogleService-Info.plist in Resources */,
				661D191E1EAFAF550004CB66 /* yadianwenqing.png in Resources */,
				668A407A1EAAA7E90048B166 /* 01.png in Resources */,
				668A407D1EAAA7E90048B166 /* 04.png in Resources */,
				668A407C1EAAA7E90048B166 /* 03.png in Resources */,
				669985D81E15A1CE00DCA278 /* Assets.xcassets in Resources */,
			);
			runOnlyForDeploymentPostprocessing = 0;
		};
/* End PBXResourcesBuildPhase section */

/* Begin PBXShellScriptBuildPhase section */
		15A68BF6A035A99879F13273 /* [CP] Check Pods Manifest.lock */ = {
			isa = PBXShellScriptBuildPhase;
			buildActionMask = 2147483647;
			files = (
			);
			inputPaths = (
			);
			name = "[CP] Check Pods Manifest.lock";
			outputPaths = (
			);
			runOnlyForDeploymentPostprocessing = 0;
			shellPath = /bin/sh;
			shellScript = "diff \"${PODS_ROOT}/../Podfile.lock\" \"${PODS_ROOT}/Manifest.lock\" > /dev/null\nif [ $? != 0 ] ; then\n    # print error to STDERR\n    echo \"error: The sandbox is not in sync with the Podfile.lock. Run 'pod install' or update your CocoaPods installation.\" >&2\n    exit 1\nfi\n";
			showEnvVarsInLog = 0;
		};
		5C38CE1337BB807C08FAB32E /* [CP] Copy Pods Resources */ = {
			isa = PBXShellScriptBuildPhase;
			buildActionMask = 2147483647;
			files = (
			);
			inputPaths = (
			);
			name = "[CP] Copy Pods Resources";
			outputPaths = (
			);
			runOnlyForDeploymentPostprocessing = 0;
			shellPath = /bin/sh;
			shellScript = "\"${SRCROOT}/Pods/Target Support Files/Pods-chatInFirebase/Pods-chatInFirebase-resources.sh\"\n";
			showEnvVarsInLog = 0;
		};
		BC9A4F372183893FA1272265 /* [CP] Embed Pods Frameworks */ = {
			isa = PBXShellScriptBuildPhase;
			buildActionMask = 2147483647;
			files = (
			);
			inputPaths = (
			);
			name = "[CP] Embed Pods Frameworks";
			outputPaths = (
			);
			runOnlyForDeploymentPostprocessing = 0;
			shellPath = /bin/sh;
			shellScript = "\"${SRCROOT}/Pods/Target Support Files/Pods-chatInFirebase/Pods-chatInFirebase-frameworks.sh\"\n";
			showEnvVarsInLog = 0;
		};
/* End PBXShellScriptBuildPhase section */

/* Begin PBXSourcesBuildPhase section */
		669985C91E15A1CE00DCA278 /* Sources */ = {
			isa = PBXSourcesBuildPhase;
			buildActionMask = 2147483647;
			files = (
				66321A561EB198F60069CA38 /* MenuCell.swift in Sources */,
				662ABB8D1EB0F1E4002ACDC2 /* ChatLogMenuLuncher.swift in Sources */,
				66561D991EA90E7C00200ECD /* String++.swift in Sources */,
				663C18B41E1C739A0014A359 /* ChatLogController.swift in Sources */,
				6690F53E1E31154900F1B6E0 /* TabBarController.swift in Sources */,
				66F5C2F61E97D50300AA568C /* UIView++.swift in Sources */,
				6652DDC01EB394A6008B4E43 /* GifsViewController.swift in Sources */,
				661FAAA51EBAAB83008DD655 /* NamecardController.swift in Sources */,
				6690F5391E2E7F4800F1B6E0 /* ChatInputContainerView.swift in Sources */,
				669985E41E15A46700DCA278 /* LoginViewController.swift in Sources */,
				669985D31E15A1CE00DCA278 /* MessagesViewController.swift in Sources */,
				664630D21E1DD73C00E18F41 /* Message.swift in Sources */,
				661D19201EB03ADA0004CB66 /* BaseInputContainerView.swift in Sources */,
				664586BD1EBB713B00826F21 /* TopAlignedLabel.swift in Sources */,
				668A407F1EAAA8DC0048B166 /* README.md in Sources */,
				6652DDC21EB3DB97008B4E43 /* UIImage++.swift in Sources */,
				6690F5421E31496D00F1B6E0 /* SearchViewCell.swift in Sources */,
				66F5C2F41E97D4A900AA568C /* ProfileViewController.swift in Sources */,
				6608BCF81EA4F2E400DBB87F /* UINavigationController++.swift in Sources */,
				665BD4BB1EB8E170002CF1D8 /* ChatLogAddMenuLuncher.swift in Sources */,
				669985D11E15A1CE00DCA278 /* AppDelegate.swift in Sources */,
				6604EE581EA128FF00E28DCE /* UserNewrequestCell.swift in Sources */,
				66561D9B1EA9356600200ECD /* ChatLogViewEmojis.swift in Sources */,
				663C18AE1E195AA60014A359 /* User.swift in Sources */,
				6690F5401E313E7200F1B6E0 /* SearchViewController.swift in Sources */,
				663C18AC1E1816680014A359 /* NewMessageViewController.swift in Sources */,
				661FAAA71EBAB956008DD655 /* UITabBarController++.swift in Sources */,
				66E5F8091E97465C0070ADEB /* Date++.swift in Sources */,
				668DC3BE1E2039CA005EC99B /* ChatMessageCell.swift in Sources */,
				665BD4BD1EB915FB002CF1D8 /* AddMenuCell.swift in Sources */,
				663C18B01E1AAE5A0014A359 /* LoginViewController+Ex.swift in Sources */,
				6649CE1A1E1EBD5A006633CD /* UserCell.swift in Sources */,
				663C18B21E1BEAF60014A359 /* UIImageView++.swift in Sources */,
			);
			runOnlyForDeploymentPostprocessing = 0;
		};
/* End PBXSourcesBuildPhase section */

/* Begin PBXVariantGroup section */
		669985D91E15A1CE00DCA278 /* LaunchScreen.storyboard */ = {
			isa = PBXVariantGroup;
			children = (
				669985DA1E15A1CE00DCA278 /* Base */,
			);
			name = LaunchScreen.storyboard;
			sourceTree = "<group>";
		};
/* End PBXVariantGroup section */

/* Begin XCBuildConfiguration section */
		669985DD1E15A1CE00DCA278 /* Debug */ = {
			isa = XCBuildConfiguration;
			buildSettings = {
				ALWAYS_SEARCH_USER_PATHS = NO;
				CLANG_ANALYZER_NONNULL = YES;
				CLANG_CXX_LANGUAGE_STANDARD = "gnu++0x";
				CLANG_CXX_LIBRARY = "libc++";
				CLANG_ENABLE_MODULES = YES;
				CLANG_ENABLE_OBJC_ARC = YES;
				CLANG_WARN_BOOL_CONVERSION = YES;
				CLANG_WARN_CONSTANT_CONVERSION = YES;
				CLANG_WARN_DIRECT_OBJC_ISA_USAGE = YES_ERROR;
				CLANG_WARN_DOCUMENTATION_COMMENTS = YES;
				CLANG_WARN_EMPTY_BODY = YES;
				CLANG_WARN_ENUM_CONVERSION = YES;
				CLANG_WARN_INFINITE_RECURSION = YES;
				CLANG_WARN_INT_CONVERSION = YES;
				CLANG_WARN_OBJC_ROOT_CLASS = YES_ERROR;
				CLANG_WARN_SUSPICIOUS_MOVE = YES;
				CLANG_WARN_UNREACHABLE_CODE = YES;
				CLANG_WARN__DUPLICATE_METHOD_MATCH = YES;
				"CODE_SIGN_IDENTITY[sdk=iphoneos*]" = "iPhone Developer";
				COPY_PHASE_STRIP = NO;
				DEBUG_INFORMATION_FORMAT = dwarf;
				ENABLE_STRICT_OBJC_MSGSEND = YES;
				ENABLE_TESTABILITY = YES;
				GCC_C_LANGUAGE_STANDARD = gnu99;
				GCC_DYNAMIC_NO_PIC = NO;
				GCC_NO_COMMON_BLOCKS = YES;
				GCC_OPTIMIZATION_LEVEL = 0;
				GCC_PREPROCESSOR_DEFINITIONS = (
					"DEBUG=1",
					"$(inherited)",
				);
				GCC_WARN_64_TO_32_BIT_CONVERSION = YES;
				GCC_WARN_ABOUT_RETURN_TYPE = YES_ERROR;
				GCC_WARN_UNDECLARED_SELECTOR = YES;
				GCC_WARN_UNINITIALIZED_AUTOS = YES_AGGRESSIVE;
				GCC_WARN_UNUSED_FUNCTION = YES;
				GCC_WARN_UNUSED_VARIABLE = YES;
				IPHONEOS_DEPLOYMENT_TARGET = 10.2;
				MTL_ENABLE_DEBUG_INFO = YES;
				ONLY_ACTIVE_ARCH = YES;
				SDKROOT = iphoneos;
				SWIFT_ACTIVE_COMPILATION_CONDITIONS = DEBUG;
				SWIFT_OPTIMIZATION_LEVEL = "-Onone";
			};
			name = Debug;
		};
		669985DE1E15A1CE00DCA278 /* Release */ = {
			isa = XCBuildConfiguration;
			buildSettings = {
				ALWAYS_SEARCH_USER_PATHS = NO;
				CLANG_ANALYZER_NONNULL = YES;
				CLANG_CXX_LANGUAGE_STANDARD = "gnu++0x";
				CLANG_CXX_LIBRARY = "libc++";
				CLANG_ENABLE_MODULES = YES;
				CLANG_ENABLE_OBJC_ARC = YES;
				CLANG_WARN_BOOL_CONVERSION = YES;
				CLANG_WARN_CONSTANT_CONVERSION = YES;
				CLANG_WARN_DIRECT_OBJC_ISA_USAGE = YES_ERROR;
				CLANG_WARN_DOCUMENTATION_COMMENTS = YES;
				CLANG_WARN_EMPTY_BODY = YES;
				CLANG_WARN_ENUM_CONVERSION = YES;
				CLANG_WARN_INFINITE_RECURSION = YES;
				CLANG_WARN_INT_CONVERSION = YES;
				CLANG_WARN_OBJC_ROOT_CLASS = YES_ERROR;
				CLANG_WARN_SUSPICIOUS_MOVE = YES;
				CLANG_WARN_UNREACHABLE_CODE = YES;
				CLANG_WARN__DUPLICATE_METHOD_MATCH = YES;
				"CODE_SIGN_IDENTITY[sdk=iphoneos*]" = "iPhone Developer";
				COPY_PHASE_STRIP = NO;
				DEBUG_INFORMATION_FORMAT = "dwarf-with-dsym";
				ENABLE_NS_ASSERTIONS = NO;
				ENABLE_STRICT_OBJC_MSGSEND = YES;
				GCC_C_LANGUAGE_STANDARD = gnu99;
				GCC_NO_COMMON_BLOCKS = YES;
				GCC_WARN_64_TO_32_BIT_CONVERSION = YES;
				GCC_WARN_ABOUT_RETURN_TYPE = YES_ERROR;
				GCC_WARN_UNDECLARED_SELECTOR = YES;
				GCC_WARN_UNINITIALIZED_AUTOS = YES_AGGRESSIVE;
				GCC_WARN_UNUSED_FUNCTION = YES;
				GCC_WARN_UNUSED_VARIABLE = YES;
				IPHONEOS_DEPLOYMENT_TARGET = 10.2;
				MTL_ENABLE_DEBUG_INFO = NO;
				SDKROOT = iphoneos;
				SWIFT_OPTIMIZATION_LEVEL = "-Owholemodule";
				VALIDATE_PRODUCT = YES;
			};
			name = Release;
		};
		669985E01E15A1CE00DCA278 /* Debug */ = {
			isa = XCBuildConfiguration;
			baseConfigurationReference = A908868F49AAAEE52A3DF922 /* Pods-chatInFirebase.debug.xcconfig */;
			buildSettings = {
				ASSETCATALOG_COMPILER_APPICON_NAME = AppIcon;
				CODE_SIGN_ENTITLEMENTS = chatInFirebase/chatInFirebase.entitlements;
				DEVELOPMENT_TEAM = 4G3CY5ZV6E;
				FRAMEWORK_SEARCH_PATHS = (
					"$(inherited)",
					"$(PROJECT_DIR)",
				);
				INFOPLIST_FILE = chatInFirebase/Info.plist;
				IPHONEOS_DEPLOYMENT_TARGET = 10.0;
				LD_RUNPATH_SEARCH_PATHS = "$(inherited) @executable_path/Frameworks";
				PRODUCT_BUNDLE_IDENTIFIER = edu.Stevens.xzou.ogdenchat;
				PRODUCT_NAME = "$(TARGET_NAME)";
				SWIFT_VERSION = 3.0;
				TARGETED_DEVICE_FAMILY = "1,2";
			};
			name = Debug;
		};
		669985E11E15A1CE00DCA278 /* Release */ = {
			isa = XCBuildConfiguration;
			baseConfigurationReference = D5C1BBF7503C766AED580A2A /* Pods-chatInFirebase.release.xcconfig */;
			buildSettings = {
				ASSETCATALOG_COMPILER_APPICON_NAME = AppIcon;
				CODE_SIGN_ENTITLEMENTS = chatInFirebase/chatInFirebase.entitlements;
				DEVELOPMENT_TEAM = 4G3CY5ZV6E;
				FRAMEWORK_SEARCH_PATHS = (
					"$(inherited)",
					"$(PROJECT_DIR)",
				);
				INFOPLIST_FILE = chatInFirebase/Info.plist;
				IPHONEOS_DEPLOYMENT_TARGET = 10.0;
				LD_RUNPATH_SEARCH_PATHS = "$(inherited) @executable_path/Frameworks";
				PRODUCT_BUNDLE_IDENTIFIER = edu.Stevens.xzou.ogdenchat;
				PRODUCT_NAME = "$(TARGET_NAME)";
				SWIFT_VERSION = 3.0;
				TARGETED_DEVICE_FAMILY = "1,2";
			};
			name = Release;
		};
/* End XCBuildConfiguration section */

/* Begin XCConfigurationList section */
		669985C81E15A1CE00DCA278 /* Build configuration list for PBXProject "chatInFirebase" */ = {
			isa = XCConfigurationList;
			buildConfigurations = (
				669985DD1E15A1CE00DCA278 /* Debug */,
				669985DE1E15A1CE00DCA278 /* Release */,
			);
			defaultConfigurationIsVisible = 0;
			defaultConfigurationName = Release;
		};
		669985DF1E15A1CE00DCA278 /* Build configuration list for PBXNativeTarget "chatInFirebase" */ = {
			isa = XCConfigurationList;
			buildConfigurations = (
				669985E01E15A1CE00DCA278 /* Debug */,
				669985E11E15A1CE00DCA278 /* Release */,
			);
			defaultConfigurationIsVisible = 0;
			defaultConfigurationName = Release;
		};
/* End XCConfigurationList section */
	};
	rootObject = 669985C51E15A1CE00DCA278 /* Project object */;
}
